
Microsoft Visual Studio Solution File, Format Version 12.00
# Visual Studio Version 16
VisualStudioVersion = 16.0.32106.194
MinimumVisualStudioVersion = 10.0.40219.1
Project("{FAE04EC0-301F-11D3-BF4B-00C04F79EFBC}") = "A_Winform_Library", "A_Winform_Library\A_Winform_Library.csproj", "{1688E92F-29A8-4266-945A-0073BE55DFA9}"
EndProject
Global
	GlobalSection(SolutionConfigurationPlatforms) = preSolution
		Debug|Any CPU = Debug|Any CPU
		Release|Any CPU = Release|Any CPU
	EndGlobalSection
	GlobalSection(ProjectConfigurationPlatforms) = postSolution
		{1688E92F-29A8-4266-945A-0073BE55DFA9}.Debug|Any CPU.ActiveCfg = Debug|Any CPU
		{1688E92F-29A8-4266-945A-0073BE55DFA9}.Debug|Any CPU.Build.0 = Debug|Any CPU
		{1688E92F-29A8-4266-945A-0073BE55DFA9}.Release|Any CPU.ActiveCfg = Release|Any CPU
		{1688E92F-29A8-4266-945A-0073BE55DFA9}.Release|Any CPU.Build.0 = Release|Any CPU
	EndGlobalSection
	GlobalSection(SolutionProperties) = preSolution
		HideSolutionNode = FALSE
	EndGlobalSection
	GlobalSection(ExtensibilityGlobals) = postSolution
		SolutionGuid = {5F6B3E87-E762-4625-80F9-AF153FD708EB}
	EndGlobalSection
EndGlobal
